Microsoft Visual Studio Solution File, Format Version 12.00
# Visual Studio 15
VisualStudioVersion = 15.0.26430.14
MinimumVisualStudioVersion = 10.0.40219.1
Project("{FAE04EC0-301F-11D3-BF4B-00C04F79EFBC}") = "APIMATICCalculator.Standard", "APIMATICCalculator.Standard/APIMATICCalculator.Standard.csproj", "{04e3a4a1-7d56-483a-b9a2-3bd617127926}"
EndProject
Project("{FAE04EC0-301F-11D3-BF4B-00C04F79EFBC}") = "APIMATICCalculator.Tests", "APIMATICCalculator.Tests/APIMATICCalculator.Tests.csproj", "{1aae1775-c4c9-4032-9ae1-d5b606d54ecc}"
EndProject
Global
    GlobalSection(SolutionConfigurationPlatforms) = preSolution
        Debug|Any CPU = Debug|Any CPU
        Release|Any CPU = Release|Any CPU
    EndGlobalSection
    GlobalSection(ProjectConfigurationPlatforms) = postSolution
        {04e3a4a1-7d56-483a-b9a2-3bd617127926}.Debug|Any CPU.ActiveCfg = Debug|Any CPU
        {04e3a4a1-7d56-483a-b9a2-3bd617127926}.Debug|Any CPU.Build.0 = Debug|Any CPU
        {04e3a4a1-7d56-483a-b9a2-3bd617127926}.Release|Any CPU.ActiveCfg = Release|Any CPU
        {04e3a4a1-7d56-483a-b9a2-3bd617127926}.Release|Any CPU.Build.0 = Release|Any CPU
        {1aae1775-c4c9-4032-9ae1-d5b606d54ecc}.Debug|Any CPU.ActiveCfg = Debug|Any CPU
        {1aae1775-c4c9-4032-9ae1-d5b606d54ecc}.Debug|Any CPU.Build.0 = Debug|Any CPU
        {1aae1775-c4c9-4032-9ae1-d5b606d54ecc}.Release|Any CPU.ActiveCfg = Release|Any CPU
        {1aae1775-c4c9-4032-9ae1-d5b606d54ecc}.Release|Any CPU.Build.0 = Release|Any CPU
    EndGlobalSection
    GlobalSection(SolutionProperties) = preSolution
        HideSolutionNode = FALSE
    EndGlobalSection
EndGlobal
